
Microsoft Visual Studio Solution File, Format Version 12.00
# Visual Studio Version 17
VisualStudioVersion = 17.9.34728.123
MinimumVisualStudioVersion = 10.0.40219.1
Project("{FAE04EC0-301F-11D3-BF4B-00C04F79EFBC}") = "SpecialAlgorithms", "SpecialAlgorithms\SpecialAlgorithms.csproj", "{104A23F4-8C62-45A5-8666-4721AB5825CE}"
EndProject
Project("{FAE04EC0-301F-11D3-BF4B-00C04F79EFBC}") = "TestMain", "TestMain\TestMain.csproj", "{086DE666-2D90-43F1-9431-9EECD8EE622B}"
EndProject
Global
	GlobalSection(SolutionConfigurationPlatforms) = preSolution
		Debug|Any CPU = Debug|Any CPU
		Release|Any CPU = Release|Any CPU
	EndGlobalSection
	GlobalSection(ProjectConfigurationPlatforms) = postSolution
		{104A23F4-8C62-45A5-8666-4721AB5825CE}.Debug|Any CPU.ActiveCfg = Debug|Any CPU
		{104A23F4-8C62-45A5-8666-4721AB5825CE}.Debug|Any CPU.Build.0 = Debug|Any CPU
		{104A23F4-8C62-45A5-8666-4721AB5825CE}.Release|Any CPU.ActiveCfg = Release|Any CPU
		{104A23F4-8C62-45A5-8666-4721AB5825CE}.Release|Any CPU.Build.0 = Release|Any CPU
		{086DE666-2D90-43F1-9431-9EECD8EE622B}.Debug|Any CPU.ActiveCfg = Debug|Any CPU
		{086DE666-2D90-43F1-9431-9EECD8EE622B}.Debug|Any CPU.Build.0 = Debug|Any CPU
		{086DE666-2D90-43F1-9431-9EECD8EE622B}.Release|Any CPU.ActiveCfg = Release|Any CPU
		{086DE666-2D90-43F1-9431-9EECD8EE622B}.Release|Any CPU.Build.0 = Release|Any CPU
	EndGlobalSection
	GlobalSection(SolutionProperties) = preSolution
		HideSolutionNode = FALSE
	EndGlobalSection
	GlobalSection(ExtensibilityGlobals) = postSolution
		SolutionGuid = {B0988367-CA75-4B30-A24A-8CC14B0187EF}
	EndGlobalSection
EndGlobal
